// !$*UTF8*$!
{
	archiveVersion = 1;
	classes = {
	};
	objectVersion = 48;
	objects = {

/* Begin PBXBuildFile section */
		0772E2A5206410590051B942 /* CourseCollectionViewController.swift in Sources */ = {isa = PBXBuildFile; fileRef = 0772E2A4206410590051B942 /* CourseCollectionViewController.swift */; };
		0772E2A7206416840051B942 /* CourseCollectionViewCell.swift in Sources */ = {isa = PBXBuildFile; fileRef = 0772E2A6206416840051B942 /* CourseCollectionViewCell.swift */; };
		078500C02062FB290030A845 /* AppDelegate.swift in Sources */ = {isa = PBXBuildFile; fileRef = 078500BF2062FB290030A845 /* AppDelegate.swift */; };
		078500C52062FB290030A845 /* Main.storyboard in Resources */ = {isa = PBXBuildFile; fileRef = 078500C32062FB290030A845 /* Main.storyboard */; };
		078500C72062FB290030A845 /* Assets.xcassets in Resources */ = {isa = PBXBuildFile; fileRef = 078500C62062FB290030A845 /* Assets.xcassets */; };
		078500CA2062FB290030A845 /* LaunchScreen.storyboard in Resources */ = {isa = PBXBuildFile; fileRef = 078500C82062FB290030A845 /* LaunchScreen.storyboard */; };
		078500D52062FB290030A845 /* APlannerTests.swift in Sources */ = {isa = PBXBuildFile; fileRef = 078500D42062FB290030A845 /* APlannerTests.swift */; };
		078500E42063353A0030A845 /* Course.swift in Sources */ = {isa = PBXBuildFile; fileRef = 078500E32063353A0030A845 /* Course.swift */; };
/* End PBXBuildFile section */

/* Begin PBXContainerItemProxy section */
		078500D12062FB290030A845 /* PBXContainerItemProxy */ = {
			isa = PBXContainerItemProxy;
			containerPortal = 078500B42062FB290030A845 /* Project object */;
			proxyType = 1;
			remoteGlobalIDString = 078500BB2062FB290030A845;
			remoteInfo = APlanner;
		};
/* End PBXContainerItemProxy section */

/* Begin PBXFileReference section */
		0772E2A4206410590051B942 /* CourseCollectionViewController.swift */ = {isa = PBXFileReference; lastKnownFileType = sourcecode.swift; path = CourseCollectionViewController.swift; sourceTree = "<group>"; };
		0772E2A6206416840051B942 /* CourseCollectionViewCell.swift */ = {isa = PBXFileReference; lastKnownFileType = sourcecode.swift; path = CourseCollectionViewCell.swift; sourceTree = "<group>"; };
		078500BC2062FB290030A845 /* APlanner.app */ = {isa = PBXFileReference; explicitFileType = wrapper.application; includeInIndex = 0; path = APlanner.app; sourceTree = BUILT_PRODUCTS_DIR; };
		078500BF2062FB290030A845 /* AppDelegate.swift */ = {isa = PBXFileReference; lastKnownFileType = sourcecode.swift; path = AppDelegate.swift; sourceTree = "<group>"; };
		078500C42062FB290030A845 /* Base */ = {isa = PBXFileReference; lastKnownFileType = file.storyboard; name = Base; path = Base.lproj/Main.storyboard; sourceTree = "<group>"; };
		078500C62062FB290030A845 /* Assets.xcassets */ = {isa = PBXFileReference; lastKnownFileType = folder.assetcatalog; path = Assets.xcassets; sourceTree = "<group>"; };
		078500C92062FB290030A845 /* Base */ = {isa = PBXFileReference; lastKnownFileType = file.storyboard; name = Base; path = Base.lproj/LaunchScreen.storyboard; sourceTree = "<group>"; };
		078500CB2062FB290030A845 /* Info.plist */ = {isa = PBXFileReference; lastKnownFileType = text.plist.xml; path = Info.plist; sourceTree = "<group>"; };
		078500D02062FB290030A845 /* APlannerTests.xctest */ = {isa = PBXFileReference; explicitFileType = wrapper.cfbundle; includeInIndex = 0; path = APlannerTests.xctest; sourceTree = BUILT_PRODUCTS_DIR; };
		078500D42062FB290030A845 /* APlannerTests.swift */ = {isa = PBXFileReference; lastKnownFileType = sourcecode.swift; path = APlannerTests.swift; sourceTree = "<group>"; };
		078500D62062FB290030A845 /* Info.plist */ = {isa = PBXFileReference; lastKnownFileType = text.plist.xml; path = Info.plist; sourceTree = "<group>"; };
		078500E32063353A0030A845 /* Course.swift */ = {isa = PBXFileReference; lastKnownFileType = sourcecode.swift; path = Course.swift; sourceTree = "<group>"; };
/* End PBXFileReference section */

/* Begin PBXFrameworksBuildPhase section */
		078500B92062FB290030A845 /* Frameworks */ = {
			isa = PBXFrameworksBuildPhase;
			buildActionMask = 2147483647;
			files = (
			);
			runOnlyForDeploymentPostprocessing = 0;
		};
		078500CD2062FB290030A845 /* Frameworks */ = {
			isa = PBXFrameworksBuildPhase;
			buildActionMask = 2147483647;
			files = (
			);
			runOnlyForDeploymentPostprocessing = 0;
		};
/* End PBXFrameworksBuildPhase section */

/* Begin PBXGroup section */
		078500B32062FB290030A845 = {
			isa = PBXGroup;
			children = (
				078500BE2062FB290030A845 /* APlanner */,
				078500D32062FB290030A845 /* APlannerTests */,
				078500BD2062FB290030A845 /* Products */,
			);
			sourceTree = "<group>";
		};
		078500BD2062FB290030A845 /* Products */ = {
			isa = PBXGroup;
			children = (
				078500BC2062FB290030A845 /* APlanner.app */,
				078500D02062FB290030A845 /* APlannerTests.xctest */,
			);
			name = Products;
			sourceTree = "<group>";
		};
		078500BE2062FB290030A845 /* APlanner */ = {
			isa = PBXGroup;
			children = (
				078500BF2062FB290030A845 /* AppDelegate.swift */,
				078500C32062FB290030A845 /* Main.storyboard */,
				0772E2A6206416840051B942 /* CourseCollectionViewCell.swift */,
				0772E2A4206410590051B942 /* CourseCollectionViewController.swift */,
				078500E32063353A0030A845 /* Course.swift */,
				078500C62062FB290030A845 /* Assets.xcassets */,
				078500C82062FB290030A845 /* LaunchScreen.storyboard */,
				078500CB2062FB290030A845 /* Info.plist */,
			);
			path = APlanner;
			sourceTree = "<group>";
		};
		078500D32062FB290030A845 /* APlannerTests */ = {
			isa = PBXGroup;
			children = (
				078500D42062FB290030A845 /* APlannerTests.swift */,
				078500D62062FB290030A845 /* Info.plist */,
			);
			path = APlannerTests;
			sourceTree = "<group>";
		};
/* End PBXGroup section */

/* Begin PBXNativeTarget section */
		078500BB2062FB290030A845 /* APlanner */ = {
			isa = PBXNativeTarget;
			buildConfigurationList = 078500D92062FB290030A845 /* Build configuration list for PBXNativeTarget "APlanner" */;
			buildPhases = (
				078500B82062FB290030A845 /* Sources */,
				078500B92062FB290030A845 /* Frameworks */,
				078500BA2062FB290030A845 /* Resources */,
			);
			buildRules = (
			);
			dependencies = (
			);
			name = APlanner;
			productName = APlanner;
			productReference = 078500BC2062FB290030A845 /* APlanner.app */;
			productType = "com.apple.product-type.application";
		};
		078500CF2062FB290030A845 /* APlannerTests */ = {
			isa = PBXNativeTarget;
			buildConfigurationList = 078500DC2062FB290030A845 /* Build configuration list for PBXNativeTarget "APlannerTests" */;
			buildPhases = (
				078500CC2062FB290030A845 /* Sources */,
				078500CD2062FB290030A845 /* Frameworks */,
				078500CE2062FB290030A845 /* Resources */,
			);
			buildRules = (
			);
			dependencies = (
				078500D22062FB290030A845 /* PBXTargetDependency */,
			);
			name = APlannerTests;
			productName = APlannerTests;
			productReference = 078500D02062FB290030A845 /* APlannerTests.xctest */;
			productType = "com.apple.product-type.bundle.unit-test";
		};
/* End PBXNativeTarget section */

/* Begin PBXProject section */
		078500B42062FB290030A845 /* Project object */ = {
			isa = PBXProject;
			attributes = {
				LastSwiftUpdateCheck = 0920;
				LastUpgradeCheck = 0920;
				ORGANIZATIONNAME = "Team-I";
				TargetAttributes = {
					078500BB2062FB290030A845 = {
						CreatedOnToolsVersion = 9.2;
						ProvisioningStyle = Automatic;
					};
					078500CF2062FB290030A845 = {
						CreatedOnToolsVersion = 9.2;
						ProvisioningStyle = Automatic;
						TestTargetID = 078500BB2062FB290030A845;
					};
				};
			};
			buildConfigurationList = 078500B72062FB290030A845 /* Build configuration list for PBXProject "APlanner" */;
			compatibilityVersion = "Xcode 8.0";
			developmentRegion = en;
			hasScannedForEncodings = 0;
			knownRegions = (
				en,
				Base,
			);
			mainGroup = 078500B32062FB290030A845;
			productRefGroup = 078500BD2062FB290030A845 /* Products */;
			projectDirPath = "";
			projectRoot = "";
			targets = (
				078500BB2062FB290030A845 /* APlanner */,
				078500CF2062FB290030A845 /* APlannerTests */,
			);
		};
/* End PBXProject section */

/* Begin PBXResourcesBuildPhase section */
		078500BA2062FB290030A845 /* Resources */ = {
			isa = PBXResourcesBuildPhase;
			buildActionMask = 2147483647;
			files = (
				078500CA2062FB290030A845 /* LaunchScreen.storyboard in Resources */,
				078500C72062FB290030A845 /* Assets.xcassets in Resources */,
				078500C52062FB290030A845 /* Main.storyboard in Resources */,
			);
			runOnlyForDeploymentPostprocessing = 0;
		};
		078500CE2062FB290030A845 /* Resources */ = {
			isa = PBXResourcesBuildPhase;
			buildActionMask = 2147483647;
			files = (
			);
			runOnlyForDeploymentPostprocessing = 0;
		};
/* End PBXResourcesBuildPhase section */

/* Begin PBXSourcesBuildPhase section */
		078500B82062FB290030A845 /* Sources */ = {
			isa = PBXSourcesBuildPhase;
			buildActionMask = 2147483647;
			files = (
				0772E2A7206416840051B942 /* CourseCollectionViewCell.swift in Sources */,
				078500C02062FB290030A845 /* AppDelegate.swift in Sources */,
				078500E42063353A0030A845 /* Course.swift in Sources */,
				0772E2A5206410590051B942 /* CourseCollectionViewController.swift in Sources */,
			);
			runOnlyForDeploymentPostprocessing = 0;
		};
		078500CC2062FB290030A845 /* Sources */ = {
			isa = PBXSourcesBuildPhase;
			buildActionMask = 2147483647;
			files = (
				078500D52062FB290030A845 /* APlannerTests.swift in Sources */,
			);
			runOnlyForDeploymentPostprocessing = 0;
		};
/* End PBXSourcesBuildPhase section */

/* Begin PBXTargetDependency section */
		078500D22062FB290030A845 /* PBXTargetDependency */ = {
			isa = PBXTargetDependency;
			target = 078500BB2062FB290030A845 /* APlanner */;
			targetProxy = 078500D12062FB290030A845 /* PBXContainerItemProxy */;
		};
/* End PBXTargetDependency section */

/* Begin PBXVariantGroup section */
		078500C32062FB290030A845 /* Main.storyboard */ = {
			isa = PBXVariantGroup;
			children = (
				078500C42062FB290030A845 /* Base */,
			);
			name = Main.storyboard;
			sourceTree = "<group>";
		};
		078500C82062FB290030A845 /* LaunchScreen.storyboard */ = {
			isa = PBXVariantGroup;
			children = (
				078500C92062FB290030A845 /* Base */,
			);
			name = LaunchScreen.storyboard;
			sourceTree = "<group>";
		};
/* End PBXVariantGroup section */

/* Begin XCBuildConfiguration section */
		078500D72062FB290030A845 /* Debug */ = {
			isa = XCBuildConfiguration;
			buildSettings = {
				ALWAYS_SEARCH_USER_PATHS = NO;
				CLANG_ANALYZER_NONNULL = YES;
				CLANG_ANALYZER_NUMBER_OBJECT_CONVERSION = YES_AGGRESSIVE;
				CLANG_CXX_LANGUAGE_STANDARD = "gnu++14";
				CLANG_CXX_LIBRARY = "libc++";
				CLANG_ENABLE_MODULES = YES;
				CLANG_ENABLE_OBJC_ARC = YES;
				CLANG_WARN_BLOCK_CAPTURE_AUTORELEASING = YES;
				CLANG_WARN_BOOL_CONVERSION = YES;
				CLANG_WARN_COMMA = YES;
				CLANG_WARN_CONSTANT_CONVERSION = YES;
				CLANG_WARN_DIRECT_OBJC_ISA_USAGE = YES_ERROR;
				CLANG_WARN_DOCUMENTATION_COMMENTS = YES;
				CLANG_WARN_EMPTY_BODY = YES;
				CLANG_WARN_ENUM_CONVERSION = YES;
				CLANG_WARN_INFINITE_RECURSION = YES;
				CLANG_WARN_INT_CONVERSION = YES;
				CLANG_WARN_NON_LITERAL_NULL_CONVERSION = YES;
				CLANG_WARN_OBJC_LITERAL_CONVERSION = YES;
				CLANG_WARN_OBJC_ROOT_CLASS = YES_ERROR;
				CLANG_WARN_RANGE_LOOP_ANALYSIS = YES;
				CLANG_WARN_STRICT_PROTOTYPES = YES;
				CLANG_WARN_SUSPICIOUS_MOVE = YES;
				CLANG_WARN_UNGUARDED_AVAILABILITY = YES_AGGRESSIVE;
				CLANG_WARN_UNREACHABLE_CODE = YES;
				CLANG_WARN__DUPLICATE_METHOD_MATCH = YES;
				CODE_SIGN_IDENTITY = "iPhone Developer";
				COPY_PHASE_STRIP = NO;
				DEBUG_INFORMATION_FORMAT = dwarf;
				ENABLE_STRICT_OBJC_MSGSEND = YES;
				ENABLE_TESTABILITY = YES;
				GCC_C_LANGUAGE_STANDARD = gnu11;
				GCC_DYNAMIC_NO_PIC = NO;
				GCC_NO_COMMON_BLOCKS = YES;
				GCC_OPTIMIZATION_LEVEL = 0;
				GCC_PREPROCESSOR_DEFINITIONS = (
					"DEBUG=1",
					"$(inherited)",
				);
				GCC_WARN_64_TO_32_BIT_CONVERSION = YES;
				GCC_WARN_ABOUT_RETURN_TYPE = YES_ERROR;
				GCC_WARN_UNDECLARED_SELECTOR = YES;
				GCC_WARN_UNINITIALIZED_AUTOS = YES_AGGRESSIVE;
				GCC_WARN_UNUSED_FUNCTION = YES;
				GCC_WARN_UNUSED_VARIABLE = YES;
				IPHONEOS_DEPLOYMENT_TARGET = 11.2;
				MTL_ENABLE_DEBUG_INFO = YES;
				ONLY_ACTIVE_ARCH = YES;
				SDKROOT = iphoneos;
				SWIFT_ACTIVE_COMPILATION_CONDITIONS = DEBUG;
				SWIFT_OPTIMIZATION_LEVEL = "-Onone";
			};
			name = Debug;
		};
		078500D82062FB290030A845 /* Release */ = {
			isa = XCBuildConfiguration;
			buildSettings = {
				ALWAYS_SEARCH_USER_PATHS = NO;
				CLANG_ANALYZER_NONNULL = YES;
				CLANG_ANALYZER_NUMBER_OBJECT_CONVERSION = YES_AGGRESSIVE;
				CLANG_CXX_LANGUAGE_STANDARD = "gnu++14";
				CLANG_CXX_LIBRARY = "libc++";
				CLANG_ENABLE_MODULES = YES;
				CLANG_ENABLE_OBJC_ARC = YES;
				CLANG_WARN_BLOCK_CAPTURE_AUTORELEASING = YES;
				CLANG_WARN_BOOL_CONVERSION = YES;
				CLANG_WARN_COMMA = YES;
				CLANG_WARN_CONSTANT_CONVERSION = YES;
				CLANG_WARN_DIRECT_OBJC_ISA_USAGE = YES_ERROR;
				CLANG_WARN_DOCUMENTATION_COMMENTS = YES;
				CLANG_WARN_EMPTY_BODY = YES;
				CLANG_WARN_ENUM_CONVERSION = YES;
				CLANG_WARN_INFINITE_RECURSION = YES;
				CLANG_WARN_INT_CONVERSION = YES;
				CLANG_WARN_NON_LITERAL_NULL_CONVERSION = YES;
				CLANG_WARN_OBJC_LITERAL_CONVERSION = YES;
				CLANG_WARN_OBJC_ROOT_CLASS = YES_ERROR;
				CLANG_WARN_RANGE_LOOP_ANALYSIS = YES;
				CLANG_WARN_STRICT_PROTOTYPES = YES;
				CLANG_WARN_SUSPICIOUS_MOVE = YES;
				CLANG_WARN_UNGUARDED_AVAILABILITY = YES_AGGRESSIVE;
				CLANG_WARN_UNREACHABLE_CODE = YES;
				CLANG_WARN__DUPLICATE_METHOD_MATCH = YES;
				CODE_SIGN_IDENTITY = "iPhone Developer";
				COPY_PHASE_STRIP = NO;
				DEBUG_INFORMATION_FORMAT = "dwarf-with-dsym";
				ENABLE_NS_ASSERTIONS = NO;
				ENABLE_STRICT_OBJC_MSGSEND = YES;
				GCC_C_LANGUAGE_STANDARD = gnu11;
				GCC_NO_COMMON_BLOCKS = YES;
				GCC_WARN_64_TO_32_BIT_CONVERSION = YES;
				GCC_WARN_ABOUT_RETURN_TYPE = YES_ERROR;
				GCC_WARN_UNDECLARED_SELECTOR = YES;
				GCC_WARN_UNINITIALIZED_AUTOS = YES_AGGRESSIVE;
				GCC_WARN_UNUSED_FUNCTION = YES;
				GCC_WARN_UNUSED_VARIABLE = YES;
				IPHONEOS_DEPLOYMENT_TARGET = 11.2;
				MTL_ENABLE_DEBUG_INFO = NO;
				SDKROOT = iphoneos;
				SWIFT_OPTIMIZATION_LEVEL = "-Owholemodule";
				VALIDATE_PRODUCT = YES;
			};
			name = Release;
		};
		078500DA2062FB290030A845 /* Debug */ = {
			isa = XCBuildConfiguration;
			buildSettings = {
				ASSETCATALOG_COMPILER_APPICON_NAME = AppIcon;
				CODE_SIGN_STYLE = Automatic;
				INFOPLIST_FILE = APlanner/Info.plist;
				LD_RUNPATH_SEARCH_PATHS = "$(inherited) @executable_path/Frameworks";
				PRODUCT_BUNDLE_IDENTIFIER = com.example.APlanner;
				PRODUCT_NAME = "$(TARGET_NAME)";
				SWIFT_VERSION = 4.0;
				TARGETED_DEVICE_FAMILY = "1,2";
			};
			name = Debug;
		};
		078500DB2062FB290030A845 /* Release */ = {
			isa = XCBuildConfiguration;
			buildSettings = {
				ASSETCATALOG_COMPILER_APPICON_NAME = AppIcon;
				CODE_SIGN_STYLE = Automatic;
				INFOPLIST_FILE = APlanner/Info.plist;
				LD_RUNPATH_SEARCH_PATHS = "$(inherited) @executable_path/Frameworks";
				PRODUCT_BUNDLE_IDENTIFIER = com.example.APlanner;
				PRODUCT_NAME = "$(TARGET_NAME)";
				SWIFT_VERSION = 4.0;
				TARGETED_DEVICE_FAMILY = "1,2";
			};
			name = Release;
		};
		078500DD2062FB290030A845 /* Debug */ = {
			isa = XCBuildConfiguration;
			buildSettings = {
				ALWAYS_EMBED_SWIFT_STANDARD_LIBRARIES = YES;
				BUNDLE_LOADER = "$(TEST_HOST)";
				CODE_SIGN_STYLE = Automatic;
				INFOPLIST_FILE = APlannerTests/Info.plist;
				LD_RUNPATH_SEARCH_PATHS = "$(inherited) @executable_path/Frameworks @loader_path/Frameworks";
				PRODUCT_BUNDLE_IDENTIFIER = com.example.APlannerTests;
				PRODUCT_NAME = "$(TARGET_NAME)";
				SWIFT_VERSION = 4.0;
				TARGETED_DEVICE_FAMILY = "1,2";
				TEST_HOST = "$(BUILT_PRODUCTS_DIR)/APlanner.app/APlanner";
			};
			name = Debug;
		};
		078500DE2062FB290030A845 /* Release */ = {
			isa = XCBuildConfiguration;
			buildSettings = {
				ALWAYS_EMBED_SWIFT_STANDARD_LIBRARIES = YES;
				BUNDLE_LOADER = "$(TEST_HOST)";
				CODE_SIGN_STYLE = Automatic;
				INFOPLIST_FILE = APlannerTests/Info.plist;
				LD_RUNPATH_SEARCH_PATHS = "$(inherited) @executable_path/Frameworks @loader_path/Frameworks";
				PRODUCT_BUNDLE_IDENTIFIER = com.example.APlannerTests;
				PRODUCT_NAME = "$(TARGET_NAME)";
				SWIFT_VERSION = 4.0;
				TARGETED_DEVICE_FAMILY = "1,2";
				TEST_HOST = "$(BUILT_PRODUCTS_DIR)/APlanner.app/APlanner";
			};
			name = Release;
		};
/* End XCBuildConfiguration section */

/* Begin XCConfigurationList section */
		078500B72062FB290030A845 /* Build configuration list for PBXProject "APlanner" */ = {
			isa = XCConfigurationList;
			buildConfigurations = (
				078500D72062FB290030A845 /* Debug */,
				078500D82062FB290030A845 /* Release */,
			);
			defaultConfigurationIsVisible = 0;
			defaultConfigurationName = Release;
		};
		078500D92062FB290030A845 /* Build configuration list for PBXNativeTarget "APlanner" */ = {
			isa = XCConfigurationList;
			buildConfigurations = (
				078500DA2062FB290030A845 /* Debug */,
				078500DB2062FB290030A845 /* Release */,
			);
			defaultConfigurationIsVisible = 0;
			defaultConfigurationName = Release;
		};
		078500DC2062FB290030A845 /* Build configuration list for PBXNativeTarget "APlannerTests" */ = {
			isa = XCConfigurationList;
			buildConfigurations = (
				078500DD2062FB290030A845 /* Debug */,
				078500DE2062FB290030A845 /* Release */,
			);
			defaultConfigurationIsVisible = 0;
			defaultConfigurationName = Release;
		};
/* End XCConfigurationList section */
	};
	rootObject = 078500B42062FB290030A845 /* Project object */;
}
