// !$*UTF8*$!
{
	archiveVersion = 1;
	classes = {
	};
	objectVersion = 48;
	objects = {

/* Begin PBXBuildFile section */
		07031BCD207C63B20098BD78 /* Deque-Optimized.swift in Sources */ = {isa = PBXBuildFile; fileRef = 07031BCC207C63B20098BD78 /* Deque-Optimized.swift */; };
		07031BD1207E92920098BD78 /* CourseTableViewCell.swift in Sources */ = {isa = PBXBuildFile; fileRef = 07031BD0207E92920098BD78 /* CourseTableViewCell.swift */; };
		07031BD7207E9BEE0098BD78 /* CourseTableViewController.swift in Sources */ = {isa = PBXBuildFile; fileRef = 07031BD6207E9BEE0098BD78 /* CourseTableViewController.swift */; };
		07031BD9207ECEFC0098BD78 /* PageViewController.swift in Sources */ = {isa = PBXBuildFile; fileRef = 07031BD8207ECEFC0098BD78 /* PageViewController.swift */; };
		07031BDB207ED3D50098BD78 /* Node.swift in Sources */ = {isa = PBXBuildFile; fileRef = 07031BDA207ED3D50098BD78 /* Node.swift */; };
		07031BDD2081632B0098BD78 /* Semester.swift in Sources */ = {isa = PBXBuildFile; fileRef = 07031BDC2081632B0098BD78 /* Semester.swift */; };
		07031BDF208250C00098BD78 /* CUcleaned.csv in Resources */ = {isa = PBXBuildFile; fileRef = 07031BDE208250C00098BD78 /* CUcleaned.csv */; };
		07031BE320852F220098BD78 /* SearchTableViewCell.swift in Sources */ = {isa = PBXBuildFile; fileRef = 07031BE220852F220098BD78 /* SearchTableViewCell.swift */; };
		07031BE52085318E0098BD78 /* SearchTableViewController.swift in Sources */ = {isa = PBXBuildFile; fileRef = 07031BE42085318E0098BD78 /* SearchTableViewController.swift */; };
		074119B92097BE3A003E4560 /* PreCollectionViewCell.swift in Sources */ = {isa = PBXBuildFile; fileRef = 074119B82097BE3A003E4560 /* PreCollectionViewCell.swift */; };
		074FF2DA208E8935005DD5CF /* PreReqTableViewCell.swift in Sources */ = {isa = PBXBuildFile; fileRef = 074FF2D9208E8935005DD5CF /* PreReqTableViewCell.swift */; };
		078500C02062FB290030A845 /* AppDelegate.swift in Sources */ = {isa = PBXBuildFile; fileRef = 078500BF2062FB290030A845 /* AppDelegate.swift */; };
		078500C52062FB290030A845 /* Main.storyboard in Resources */ = {isa = PBXBuildFile; fileRef = 078500C32062FB290030A845 /* Main.storyboard */; };
		078500C72062FB290030A845 /* Assets.xcassets in Resources */ = {isa = PBXBuildFile; fileRef = 078500C62062FB290030A845 /* Assets.xcassets */; };
		078500CA2062FB290030A845 /* LaunchScreen.storyboard in Resources */ = {isa = PBXBuildFile; fileRef = 078500C82062FB290030A845 /* LaunchScreen.storyboard */; };
		078500D52062FB290030A845 /* APlannerTests.swift in Sources */ = {isa = PBXBuildFile; fileRef = 078500D42062FB290030A845 /* APlannerTests.swift */; };
		078A827F2091280500E9D1C9 /* PlanCollectionViewCell.swift in Sources */ = {isa = PBXBuildFile; fileRef = 078A827E2091280400E9D1C9 /* PlanCollectionViewCell.swift */; };
		078A82812091281400E9D1C9 /* PlanTableViewCell.swift in Sources */ = {isa = PBXBuildFile; fileRef = 078A82802091281400E9D1C9 /* PlanTableViewCell.swift */; };
		078A82832091282400E9D1C9 /* PlanTableViewController.swift in Sources */ = {isa = PBXBuildFile; fileRef = 078A82822091282400E9D1C9 /* PlanTableViewController.swift */; };
		078A82852091283C00E9D1C9 /* Login.swift in Sources */ = {isa = PBXBuildFile; fileRef = 078A82842091283C00E9D1C9 /* Login.swift */; };
		E411BF012086D14A00A516E2 /* Scheduler.swift in Sources */ = {isa = PBXBuildFile; fileRef = E411BF002086D14A00A516E2 /* Scheduler.swift */; };
		E411BF072087C0A300A516E2 /* PlanViewController.swift in Sources */ = {isa = PBXBuildFile; fileRef = E411BF062087C0A300A516E2 /* PlanViewController.swift */; };
		E411BF092087C0B900A516E2 /* LoginViewController.swift in Sources */ = {isa = PBXBuildFile; fileRef = E411BF082087C0B900A516E2 /* LoginViewController.swift */; };
		E411BF0B2087C0C700A516E2 /* ProfileController.swift in Sources */ = {isa = PBXBuildFile; fileRef = E411BF0A2087C0C700A516E2 /* ProfileController.swift */; };
		E411BF0D2087DAF800A516E2 /* User.swift in Sources */ = {isa = PBXBuildFile; fileRef = E411BF0C2087DAF800A516E2 /* User.swift */; };
		E411BF0F2087E5B400A516E2 /* data.json in Resources */ = {isa = PBXBuildFile; fileRef = E411BF0E2087E5B400A516E2 /* data.json */; };
		E45DFACC2085B24D0025626F /* Sources in Resources */ = {isa = PBXBuildFile; fileRef = E45DFACB2085B24D0025626F /* Sources */; };
/* End PBXBuildFile section */

/* Begin PBXContainerItemProxy section */
		078500D12062FB290030A845 /* PBXContainerItemProxy */ = {
			isa = PBXContainerItemProxy;
			containerPortal = 078500B42062FB290030A845 /* Project object */;
			proxyType = 1;
			remoteGlobalIDString = 078500BB2062FB290030A845;
			remoteInfo = APlanner;
		};
/* End PBXContainerItemProxy section */

/* Begin PBXFileReference section */
		07031BCC207C63B20098BD78 /* Deque-Optimized.swift */ = {isa = PBXFileReference; lastKnownFileType = sourcecode.swift; path = "Deque-Optimized.swift"; sourceTree = "<group>"; };
		07031BD0207E92920098BD78 /* CourseTableViewCell.swift */ = {isa = PBXFileReference; lastKnownFileType = sourcecode.swift; path = CourseTableViewCell.swift; sourceTree = "<group>"; };
		07031BD6207E9BEE0098BD78 /* CourseTableViewController.swift */ = {isa = PBXFileReference; lastKnownFileType = sourcecode.swift; path = CourseTableViewController.swift; sourceTree = "<group>"; };
		07031BD8207ECEFC0098BD78 /* PageViewController.swift */ = {isa = PBXFileReference; lastKnownFileType = sourcecode.swift; path = PageViewController.swift; sourceTree = "<group>"; };
		07031BDA207ED3D50098BD78 /* Node.swift */ = {isa = PBXFileReference; lastKnownFileType = sourcecode.swift; path = Node.swift; sourceTree = "<group>"; };
		07031BDC2081632B0098BD78 /* Semester.swift */ = {isa = PBXFileReference; lastKnownFileType = sourcecode.swift; path = Semester.swift; sourceTree = "<group>"; };
		07031BDE208250C00098BD78 /* CUcleaned.csv */ = {isa = PBXFileReference; fileEncoding = 4; lastKnownFileType = text; path = CUcleaned.csv; sourceTree = "<group>"; };
		07031BE220852F220098BD78 /* SearchTableViewCell.swift */ = {isa = PBXFileReference; lastKnownFileType = sourcecode.swift; path = SearchTableViewCell.swift; sourceTree = "<group>"; };
		07031BE42085318E0098BD78 /* SearchTableViewController.swift */ = {isa = PBXFileReference; lastKnownFileType = sourcecode.swift; path = SearchTableViewController.swift; sourceTree = "<group>"; };
		074119B82097BE3A003E4560 /* PreCollectionViewCell.swift */ = {isa = PBXFileReference; lastKnownFileType = sourcecode.swift; path = PreCollectionViewCell.swift; sourceTree = "<group>"; };
		074FF2D9208E8935005DD5CF /* PreReqTableViewCell.swift */ = {isa = PBXFileReference; lastKnownFileType = sourcecode.swift; path = PreReqTableViewCell.swift; sourceTree = "<group>"; };
		078500BC2062FB290030A845 /* APlanner.app */ = {isa = PBXFileReference; explicitFileType = wrapper.application; includeInIndex = 0; path = APlanner.app; sourceTree = BUILT_PRODUCTS_DIR; };
		078500BF2062FB290030A845 /* AppDelegate.swift */ = {isa = PBXFileReference; lastKnownFileType = sourcecode.swift; path = AppDelegate.swift; sourceTree = "<group>"; };
		078500C42062FB290030A845 /* Base */ = {isa = PBXFileReference; lastKnownFileType = file.storyboard; name = Base; path = Base.lproj/Main.storyboard; sourceTree = "<group>"; };
		078500C62062FB290030A845 /* Assets.xcassets */ = {isa = PBXFileReference; lastKnownFileType = folder.assetcatalog; path = Assets.xcassets; sourceTree = "<group>"; };
		078500C92062FB290030A845 /* Base */ = {isa = PBXFileReference; lastKnownFileType = file.storyboard; name = Base; path = Base.lproj/LaunchScreen.storyboard; sourceTree = "<group>"; };
		078500CB2062FB290030A845 /* Info.plist */ = {isa = PBXFileReference; lastKnownFileType = text.plist.xml; path = Info.plist; sourceTree = "<group>"; };
		078500D02062FB290030A845 /* APlannerTests.xctest */ = {isa = PBXFileReference; explicitFileType = wrapper.cfbundle; includeInIndex = 0; path = APlannerTests.xctest; sourceTree = BUILT_PRODUCTS_DIR; };
		078500D42062FB290030A845 /* APlannerTests.swift */ = {isa = PBXFileReference; lastKnownFileType = sourcecode.swift; path = APlannerTests.swift; sourceTree = "<group>"; };
		078500D62062FB290030A845 /* Info.plist */ = {isa = PBXFileReference; lastKnownFileType = text.plist.xml; path = Info.plist; sourceTree = "<group>"; };
		078A827E2091280400E9D1C9 /* PlanCollectionViewCell.swift */ = {isa = PBXFileReference; fileEncoding = 4; lastKnownFileType = sourcecode.swift; path = PlanCollectionViewCell.swift; sourceTree = "<group>"; };
		078A82802091281400E9D1C9 /* PlanTableViewCell.swift */ = {isa = PBXFileReference; fileEncoding = 4; lastKnownFileType = sourcecode.swift; path = PlanTableViewCell.swift; sourceTree = "<group>"; };
		078A82822091282400E9D1C9 /* PlanTableViewController.swift */ = {isa = PBXFileReference; fileEncoding = 4; lastKnownFileType = sourcecode.swift; path = PlanTableViewController.swift; sourceTree = "<group>"; };
		078A82842091283C00E9D1C9 /* Login.swift */ = {isa = PBXFileReference; fileEncoding = 4; lastKnownFileType = sourcecode.swift; path = Login.swift; sourceTree = "<group>"; };
		E411BF002086D14A00A516E2 /* Scheduler.swift */ = {isa = PBXFileReference; fileEncoding = 4; lastKnownFileType = sourcecode.swift; path = Scheduler.swift; sourceTree = "<group>"; };
		E411BF062087C0A300A516E2 /* PlanViewController.swift */ = {isa = PBXFileReference; lastKnownFileType = sourcecode.swift; path = PlanViewController.swift; sourceTree = "<group>"; };
		E411BF082087C0B900A516E2 /* LoginViewController.swift */ = {isa = PBXFileReference; lastKnownFileType = sourcecode.swift; path = LoginViewController.swift; sourceTree = "<group>"; };
		E411BF0A2087C0C700A516E2 /* ProfileController.swift */ = {isa = PBXFileReference; lastKnownFileType = sourcecode.swift; path = ProfileController.swift; sourceTree = "<group>"; };
		E411BF0C2087DAF800A516E2 /* User.swift */ = {isa = PBXFileReference; lastKnownFileType = sourcecode.swift; path = User.swift; sourceTree = "<group>"; };
		E411BF0E2087E5B400A516E2 /* data.json */ = {isa = PBXFileReference; fileEncoding = 4; lastKnownFileType = text.json; path = data.json; sourceTree = "<group>"; };
		E45DFACB2085B24D0025626F /* Sources */ = {isa = PBXFileReference; lastKnownFileType = folder; path = Sources; sourceTree = "<group>"; };
/* End PBXFileReference section */

/* Begin PBXFrameworksBuildPhase section */
		078500B92062FB290030A845 /* Frameworks */ = {
			isa = PBXFrameworksBuildPhase;
			buildActionMask = 2147483647;
			files = (
			);
			runOnlyForDeploymentPostprocessing = 0;
		};
		078500CD2062FB290030A845 /* Frameworks */ = {
			isa = PBXFrameworksBuildPhase;
			buildActionMask = 2147483647;
			files = (
			);
			runOnlyForDeploymentPostprocessing = 0;
		};
/* End PBXFrameworksBuildPhase section */

/* Begin PBXGroup section */
		078500B32062FB290030A845 = {
			isa = PBXGroup;
			children = (
				E45DFACB2085B24D0025626F /* Sources */,
				078500BE2062FB290030A845 /* APlanner */,
				078500D32062FB290030A845 /* APlannerTests */,
				078500BD2062FB290030A845 /* Products */,
			);
			sourceTree = "<group>";
		};
		078500BD2062FB290030A845 /* Products */ = {
			isa = PBXGroup;
			children = (
				078500BC2062FB290030A845 /* APlanner.app */,
				078500D02062FB290030A845 /* APlannerTests.xctest */,
			);
			name = Products;
			sourceTree = "<group>";
		};
		078500BE2062FB290030A845 /* APlanner */ = {
			isa = PBXGroup;
			children = (
				078500BF2062FB290030A845 /* AppDelegate.swift */,
				078500C32062FB290030A845 /* Main.storyboard */,
				07031BE42085318E0098BD78 /* SearchTableViewController.swift */,
				074FF2D9208E8935005DD5CF /* PreReqTableViewCell.swift */,
				07031BE220852F220098BD78 /* SearchTableViewCell.swift */,
				07031BD8207ECEFC0098BD78 /* PageViewController.swift */,
				07031BD6207E9BEE0098BD78 /* CourseTableViewController.swift */,
				07031BD0207E92920098BD78 /* CourseTableViewCell.swift */,
				078A82802091281400E9D1C9 /* PlanTableViewCell.swift */,
				078A827E2091280400E9D1C9 /* PlanCollectionViewCell.swift */,
				074119B82097BE3A003E4560 /* PreCollectionViewCell.swift */,
				078A82822091282400E9D1C9 /* PlanTableViewController.swift */,
				078500C62062FB290030A845 /* Assets.xcassets */,
				078500C82062FB290030A845 /* LaunchScreen.storyboard */,
				078500CB2062FB290030A845 /* Info.plist */,
				E411BF0E2087E5B400A516E2 /* data.json */,
				07031BCC207C63B20098BD78 /* Deque-Optimized.swift */,
				07031BDC2081632B0098BD78 /* Semester.swift */,
				E411BF002086D14A00A516E2 /* Scheduler.swift */,
				07031BDA207ED3D50098BD78 /* Node.swift */,
				07031BDE208250C00098BD78 /* CUcleaned.csv */,
				E411BF062087C0A300A516E2 /* PlanViewController.swift */,
				078A82842091283C00E9D1C9 /* Login.swift */,
				E411BF082087C0B900A516E2 /* LoginViewController.swift */,
				E411BF0A2087C0C700A516E2 /* ProfileController.swift */,
				E411BF0C2087DAF800A516E2 /* User.swift */,
			);
			path = APlanner;
			sourceTree = "<group>";
		};
		078500D32062FB290030A845 /* APlannerTests */ = {
			isa = PBXGroup;
			children = (
				078500D42062FB290030A845 /* APlannerTests.swift */,
				078500D62062FB290030A845 /* Info.plist */,
			);
			path = APlannerTests;
			sourceTree = "<group>";
		};
/* End PBXGroup section */

/* Begin PBXNativeTarget section */
		078500BB2062FB290030A845 /* APlanner */ = {
			isa = PBXNativeTarget;
			buildConfigurationList = 078500D92062FB290030A845 /* Build configuration list for PBXNativeTarget "APlanner" */;
			buildPhases = (
				078500B82062FB290030A845 /* Sources */,
				078500B92062FB290030A845 /* Frameworks */,
				078500BA2062FB290030A845 /* Resources */,
			);
			buildRules = (
			);
			dependencies = (
			);
			name = APlanner;
			productName = APlanner;
			productReference = 078500BC2062FB290030A845 /* APlanner.app */;
			productType = "com.apple.product-type.application";
		};
		078500CF2062FB290030A845 /* APlannerTests */ = {
			isa = PBXNativeTarget;
			buildConfigurationList = 078500DC2062FB290030A845 /* Build configuration list for PBXNativeTarget "APlannerTests" */;
			buildPhases = (
				078500CC2062FB290030A845 /* Sources */,
				078500CD2062FB290030A845 /* Frameworks */,
				078500CE2062FB290030A845 /* Resources */,
			);
			buildRules = (
			);
			dependencies = (
				078500D22062FB290030A845 /* PBXTargetDependency */,
			);
			name = APlannerTests;
			productName = APlannerTests;
			productReference = 078500D02062FB290030A845 /* APlannerTests.xctest */;
			productType = "com.apple.product-type.bundle.unit-test";
		};
/* End PBXNativeTarget section */

/* Begin PBXProject section */
		078500B42062FB290030A845 /* Project object */ = {
			isa = PBXProject;
			attributes = {
				LastSwiftUpdateCheck = 0920;
				LastUpgradeCheck = 0930;
				ORGANIZATIONNAME = "Team-I";
				TargetAttributes = {
					078500BB2062FB290030A845 = {
						CreatedOnToolsVersion = 9.2;
						ProvisioningStyle = Automatic;
					};
					078500CF2062FB290030A845 = {
						CreatedOnToolsVersion = 9.2;
						ProvisioningStyle = Automatic;
						TestTargetID = 078500BB2062FB290030A845;
					};
				};
			};
			buildConfigurationList = 078500B72062FB290030A845 /* Build configuration list for PBXProject "APlanner" */;
			compatibilityVersion = "Xcode 8.0";
			developmentRegion = en;
			hasScannedForEncodings = 0;
			knownRegions = (
				en,
				Base,
			);
			mainGroup = 078500B32062FB290030A845;
			productRefGroup = 078500BD2062FB290030A845 /* Products */;
			projectDirPath = "";
			projectRoot = "";
			targets = (
				078500BB2062FB290030A845 /* APlanner */,
				078500CF2062FB290030A845 /* APlannerTests */,
			);
		};
/* End PBXProject section */

/* Begin PBXResourcesBuildPhase section */
		078500BA2062FB290030A845 /* Resources */ = {
			isa = PBXResourcesBuildPhase;
			buildActionMask = 2147483647;
			files = (
				078500CA2062FB290030A845 /* LaunchScreen.storyboard in Resources */,
				E411BF0F2087E5B400A516E2 /* data.json in Resources */,
				078500C72062FB290030A845 /* Assets.xcassets in Resources */,
				078500C52062FB290030A845 /* Main.storyboard in Resources */,
				E45DFACC2085B24D0025626F /* Sources in Resources */,
				07031BDF208250C00098BD78 /* CUcleaned.csv in Resources */,
			);
			runOnlyForDeploymentPostprocessing = 0;
		};
		078500CE2062FB290030A845 /* Resources */ = {
			isa = PBXResourcesBuildPhase;
			buildActionMask = 2147483647;
			files = (
			);
			runOnlyForDeploymentPostprocessing = 0;
		};
/* End PBXResourcesBuildPhase section */

/* Begin PBXSourcesBuildPhase section */
		078500B82062FB290030A845 /* Sources */ = {
			isa = PBXSourcesBuildPhase;
			buildActionMask = 2147483647;
			files = (
				E411BF012086D14A00A516E2 /* Scheduler.swift in Sources */,
				07031BE320852F220098BD78 /* SearchTableViewCell.swift in Sources */,
				07031BD1207E92920098BD78 /* CourseTableViewCell.swift in Sources */,
				07031BDD2081632B0098BD78 /* Semester.swift in Sources */,
				E411BF072087C0A300A516E2 /* PlanViewController.swift in Sources */,
				07031BD9207ECEFC0098BD78 /* PageViewController.swift in Sources */,
				078A82832091282400E9D1C9 /* PlanTableViewController.swift in Sources */,
				074FF2DA208E8935005DD5CF /* PreReqTableViewCell.swift in Sources */,
				074119B92097BE3A003E4560 /* PreCollectionViewCell.swift in Sources */,
				E411BF0B2087C0C700A516E2 /* ProfileController.swift in Sources */,
				E411BF0D2087DAF800A516E2 /* User.swift in Sources */,
				078A82852091283C00E9D1C9 /* Login.swift in Sources */,
				07031BD7207E9BEE0098BD78 /* CourseTableViewController.swift in Sources */,
				07031BDB207ED3D50098BD78 /* Node.swift in Sources */,
				07031BE52085318E0098BD78 /* SearchTableViewController.swift in Sources */,
				078A827F2091280500E9D1C9 /* PlanCollectionViewCell.swift in Sources */,
				07031BCD207C63B20098BD78 /* Deque-Optimized.swift in Sources */,
				E411BF092087C0B900A516E2 /* LoginViewController.swift in Sources */,
				078A82812091281400E9D1C9 /* PlanTableViewCell.swift in Sources */,
				078500C02062FB290030A845 /* AppDelegate.swift in Sources */,
			);
			runOnlyForDeploymentPostprocessing = 0;
		};
		078500CC2062FB290030A845 /* Sources */ = {
			isa = PBXSourcesBuildPhase;
			buildActionMask = 2147483647;
			files = (
				078500D52062FB290030A845 /* APlannerTests.swift in Sources */,
			);
			runOnlyForDeploymentPostprocessing = 0;
		};
/* End PBXSourcesBuildPhase section */

/* Begin PBXTargetDependency section */
		078500D22062FB290030A845 /* PBXTargetDependency */ = {
			isa = PBXTargetDependency;
			target = 078500BB2062FB290030A845 /* APlanner */;
			targetProxy = 078500D12062FB290030A845 /* PBXContainerItemProxy */;
		};
/* End PBXTargetDependency section */

/* Begin PBXVariantGroup section */
		078500C32062FB290030A845 /* Main.storyboard */ = {
			isa = PBXVariantGroup;
			children = (
				078500C42062FB290030A845 /* Base */,
			);
			name = Main.storyboard;
			sourceTree = "<group>";
		};
		078500C82062FB290030A845 /* LaunchScreen.storyboard */ = {
			isa = PBXVariantGroup;
			children = (
				078500C92062FB290030A845 /* Base */,
			);
			name = LaunchScreen.storyboard;
			sourceTree = "<group>";
		};
/* End PBXVariantGroup section */

/* Begin XCBuildConfiguration section */
		078500D72062FB290030A845 /* Debug */ = {
			isa = XCBuildConfiguration;
			buildSettings = {
				ALWAYS_SEARCH_USER_PATHS = NO;
				CLANG_ANALYZER_NONNULL = YES;
				CLANG_ANALYZER_NUMBER_OBJECT_CONVERSION = YES_AGGRESSIVE;
				CLANG_CXX_LANGUAGE_STANDARD = "gnu++14";
				CLANG_CXX_LIBRARY = "libc++";
				CLANG_ENABLE_MODULES = YES;
				CLANG_ENABLE_OBJC_ARC = YES;
				CLANG_WARN_BLOCK_CAPTURE_AUTORELEASING = YES;
				CLANG_WARN_BOOL_CONVERSION = YES;
				CLANG_WARN_COMMA = YES;
				CLANG_WARN_CONSTANT_CONVERSION = YES;
				CLANG_WARN_DEPRECATED_OBJC_IMPLEMENTATIONS = YES;
				CLANG_WARN_DIRECT_OBJC_ISA_USAGE = YES_ERROR;
				CLANG_WARN_DOCUMENTATION_COMMENTS = YES;
				CLANG_WARN_EMPTY_BODY = YES;
				CLANG_WARN_ENUM_CONVERSION = YES;
				CLANG_WARN_INFINITE_RECURSION = YES;
				CLANG_WARN_INT_CONVERSION = YES;
				CLANG_WARN_NON_LITERAL_NULL_CONVERSION = YES;
				CLANG_WARN_OBJC_IMPLICIT_RETAIN_SELF = YES;
				CLANG_WARN_OBJC_LITERAL_CONVERSION = YES;
				CLANG_WARN_OBJC_ROOT_CLASS = YES_ERROR;
				CLANG_WARN_RANGE_LOOP_ANALYSIS = YES;
				CLANG_WARN_STRICT_PROTOTYPES = YES;
				CLANG_WARN_SUSPICIOUS_MOVE = YES;
				CLANG_WARN_UNGUARDED_AVAILABILITY = YES_AGGRESSIVE;
				CLANG_WARN_UNREACHABLE_CODE = YES;
				CLANG_WARN__DUPLICATE_METHOD_MATCH = YES;
				CODE_SIGN_IDENTITY = "iPhone Developer";
				COPY_PHASE_STRIP = NO;
				DEBUG_INFORMATION_FORMAT = dwarf;
				ENABLE_STRICT_OBJC_MSGSEND = YES;
				ENABLE_TESTABILITY = YES;
				GCC_C_LANGUAGE_STANDARD = gnu11;
				GCC_DYNAMIC_NO_PIC = NO;
				GCC_NO_COMMON_BLOCKS = YES;
				GCC_OPTIMIZATION_LEVEL = 0;
				GCC_PREPROCESSOR_DEFINITIONS = (
					"DEBUG=1",
					"$(inherited)",
				);
				GCC_WARN_64_TO_32_BIT_CONVERSION = YES;
				GCC_WARN_ABOUT_RETURN_TYPE = YES_ERROR;
				GCC_WARN_UNDECLARED_SELECTOR = YES;
				GCC_WARN_UNINITIALIZED_AUTOS = YES_AGGRESSIVE;
				GCC_WARN_UNUSED_FUNCTION = YES;
				GCC_WARN_UNUSED_VARIABLE = YES;
				IPHONEOS_DEPLOYMENT_TARGET = 11.2;
				MTL_ENABLE_DEBUG_INFO = YES;
				ONLY_ACTIVE_ARCH = YES;
				SDKROOT = iphoneos;
				SWIFT_ACTIVE_COMPILATION_CONDITIONS = DEBUG;
				SWIFT_OPTIMIZATION_LEVEL = "-Onone";
			};
			name = Debug;
		};
		078500D82062FB290030A845 /* Release */ = {
			isa = XCBuildConfiguration;
			buildSettings = {
				ALWAYS_SEARCH_USER_PATHS = NO;
				CLANG_ANALYZER_NONNULL = YES;
				CLANG_ANALYZER_NUMBER_OBJECT_CONVERSION = YES_AGGRESSIVE;
				CLANG_CXX_LANGUAGE_STANDARD = "gnu++14";
				CLANG_CXX_LIBRARY = "libc++";
				CLANG_ENABLE_MODULES = YES;
				CLANG_ENABLE_OBJC_ARC = YES;
				CLANG_WARN_BLOCK_CAPTURE_AUTORELEASING = YES;
				CLANG_WARN_BOOL_CONVERSION = YES;
				CLANG_WARN_COMMA = YES;
				CLANG_WARN_CONSTANT_CONVERSION = YES;
				CLANG_WARN_DEPRECATED_OBJC_IMPLEMENTATIONS = YES;
				CLANG_WARN_DIRECT_OBJC_ISA_USAGE = YES_ERROR;
				CLANG_WARN_DOCUMENTATION_COMMENTS = YES;
				CLANG_WARN_EMPTY_BODY = YES;
				CLANG_WARN_ENUM_CONVERSION = YES;
				CLANG_WARN_INFINITE_RECURSION = YES;
				CLANG_WARN_INT_CONVERSION = YES;
				CLANG_WARN_NON_LITERAL_NULL_CONVERSION = YES;
				CLANG_WARN_OBJC_IMPLICIT_RETAIN_SELF = YES;
				CLANG_WARN_OBJC_LITERAL_CONVERSION = YES;
				CLANG_WARN_OBJC_ROOT_CLASS = YES_ERROR;
				CLANG_WARN_RANGE_LOOP_ANALYSIS = YES;
				CLANG_WARN_STRICT_PROTOTYPES = YES;
				CLANG_WARN_SUSPICIOUS_MOVE = YES;
				CLANG_WARN_UNGUARDED_AVAILABILITY = YES_AGGRESSIVE;
				CLANG_WARN_UNREACHABLE_CODE = YES;
				CLANG_WARN__DUPLICATE_METHOD_MATCH = YES;
				CODE_SIGN_IDENTITY = "iPhone Developer";
				COPY_PHASE_STRIP = NO;
				DEBUG_INFORMATION_FORMAT = "dwarf-with-dsym";
				ENABLE_NS_ASSERTIONS = NO;
				ENABLE_STRICT_OBJC_MSGSEND = YES;
				GCC_C_LANGUAGE_STANDARD = gnu11;
				GCC_NO_COMMON_BLOCKS = YES;
				GCC_WARN_64_TO_32_BIT_CONVERSION = YES;
				GCC_WARN_ABOUT_RETURN_TYPE = YES_ERROR;
				GCC_WARN_UNDECLARED_SELECTOR = YES;
				GCC_WARN_UNINITIALIZED_AUTOS = YES_AGGRESSIVE;
				GCC_WARN_UNUSED_FUNCTION = YES;
				GCC_WARN_UNUSED_VARIABLE = YES;
				IPHONEOS_DEPLOYMENT_TARGET = 11.2;
				MTL_ENABLE_DEBUG_INFO = NO;
				SDKROOT = iphoneos;
				SWIFT_OPTIMIZATION_LEVEL = "-Owholemodule";
				VALIDATE_PRODUCT = YES;
			};
			name = Release;
		};
		078500DA2062FB290030A845 /* Debug */ = {
			isa = XCBuildConfiguration;
			buildSettings = {
				ASSETCATALOG_COMPILER_APPICON_NAME = AppIcon;
				CODE_SIGN_STYLE = Automatic;
				INFOPLIST_FILE = APlanner/Info.plist;
				LD_RUNPATH_SEARCH_PATHS = "$(inherited) @executable_path/Frameworks";
				PRODUCT_BUNDLE_IDENTIFIER = com.example.APlanner;
				PRODUCT_NAME = "$(TARGET_NAME)";
				SWIFT_VERSION = 4.0;
				TARGETED_DEVICE_FAMILY = "1,2";
			};
			name = Debug;
		};
		078500DB2062FB290030A845 /* Release */ = {
			isa = XCBuildConfiguration;
			buildSettings = {
				ASSETCATALOG_COMPILER_APPICON_NAME = AppIcon;
				CODE_SIGN_STYLE = Automatic;
				INFOPLIST_FILE = APlanner/Info.plist;
				LD_RUNPATH_SEARCH_PATHS = "$(inherited) @executable_path/Frameworks";
				PRODUCT_BUNDLE_IDENTIFIER = com.example.APlanner;
				PRODUCT_NAME = "$(TARGET_NAME)";
				SWIFT_VERSION = 4.0;
				TARGETED_DEVICE_FAMILY = "1,2";
			};
			name = Release;
		};
		078500DD2062FB290030A845 /* Debug */ = {
			isa = XCBuildConfiguration;
			buildSettings = {
				ALWAYS_EMBED_SWIFT_STANDARD_LIBRARIES = YES;
				BUNDLE_LOADER = "$(TEST_HOST)";
				CODE_SIGN_STYLE = Automatic;
				INFOPLIST_FILE = APlannerTests/Info.plist;
				LD_RUNPATH_SEARCH_PATHS = "$(inherited) @executable_path/Frameworks @loader_path/Frameworks";
				PRODUCT_BUNDLE_IDENTIFIER = com.example.APlannerTests;
				PRODUCT_NAME = "$(TARGET_NAME)";
				SWIFT_VERSION = 4.0;
				TARGETED_DEVICE_FAMILY = "1,2";
				TEST_HOST = "$(BUILT_PRODUCTS_DIR)/APlanner.app/APlanner";
			};
			name = Debug;
		};
		078500DE2062FB290030A845 /* Release */ = {
			isa = XCBuildConfiguration;
			buildSettings = {
				ALWAYS_EMBED_SWIFT_STANDARD_LIBRARIES = YES;
				BUNDLE_LOADER = "$(TEST_HOST)";
				CODE_SIGN_STYLE = Automatic;
				INFOPLIST_FILE = APlannerTests/Info.plist;
				LD_RUNPATH_SEARCH_PATHS = "$(inherited) @executable_path/Frameworks @loader_path/Frameworks";
				PRODUCT_BUNDLE_IDENTIFIER = com.example.APlannerTests;
				PRODUCT_NAME = "$(TARGET_NAME)";
				SWIFT_VERSION = 4.0;
				TARGETED_DEVICE_FAMILY = "1,2";
				TEST_HOST = "$(BUILT_PRODUCTS_DIR)/APlanner.app/APlanner";
			};
			name = Release;
		};
/* End XCBuildConfiguration section */

/* Begin XCConfigurationList section */
		078500B72062FB290030A845 /* Build configuration list for PBXProject "APlanner" */ = {
			isa = XCConfigurationList;
			buildConfigurations = (
				078500D72062FB290030A845 /* Debug */,
				078500D82062FB290030A845 /* Release */,
			);
			defaultConfigurationIsVisible = 0;
			defaultConfigurationName = Release;
		};
		078500D92062FB290030A845 /* Build configuration list for PBXNativeTarget "APlanner" */ = {
			isa = XCConfigurationList;
			buildConfigurations = (
				078500DA2062FB290030A845 /* Debug */,
				078500DB2062FB290030A845 /* Release */,
			);
			defaultConfigurationIsVisible = 0;
			defaultConfigurationName = Release;
		};
		078500DC2062FB290030A845 /* Build configuration list for PBXNativeTarget "APlannerTests" */ = {
			isa = XCConfigurationList;
			buildConfigurations = (
				078500DD2062FB290030A845 /* Debug */,
				078500DE2062FB290030A845 /* Release */,
			);
			defaultConfigurationIsVisible = 0;
			defaultConfigurationName = Release;
		};
/* End XCConfigurationList section */
	};
	rootObject = 078500B42062FB290030A845 /* Project object */;
}
